PODS:
  - AlipaySDK-iOS (15.5.9)
  - WechatOpenSDK (1.8.4)

DEPENDENCIES:
  - AlipaySDK-iOS
  - WechatOpenSDK

SPEC REPOS:
  https://github.com/cocoapods/specs.git:
    - AlipaySDK-iOS
    - WechatOpenSDK

SPEC CHECKSUMS:
  AlipaySDK-iOS: 1c5283b30977a24acecc0114662697f7dc78f618
  WechatOpenSDK: 9b721089507c895d05f997408c30bb6e6f5f9b60

PODFILE CHECKSUM: 78b41d636eae35e607dade2a8d5e63a470ac2380

COCOAPODS: 1.7.5
